// !$*UTF8*$!
{
	archiveVersion = 1;
	classes = {
	};
	objectVersion = 56;
	objects = {

/* Begin PBXBuildFile section */
		255894BCD66AB90BC0292AF6 /* libPods-Example.a in Frameworks */ = {isa = PBXBuildFile; fileRef = 2E809A08A233C71228BE9D0D /* libPods-Example.a */; };
		FA9263262B2AA58200C96EE9 /* InterestListCell.swift in Sources */ = {isa = PBXBuildFile; fileRef = FA9263252B2AA58200C96EE9 /* InterestListCell.swift */; };
		FA9263282B2AA59100C96EE9 /* InterestListViewController.swift in Sources */ = {isa = PBXBuildFile; fileRef = FA9263272B2AA59100C96EE9 /* InterestListViewController.swift */; };
		FA92632A2B2AA61D00C96EE9 /* Interest.swift in Sources */ = {isa = PBXBuildFile; fileRef = FA9263292B2AA61D00C96EE9 /* Interest.swift */; };
		FAE87E002B459CE300AAE392 /* NavigationModule in Frameworks */ = {isa = PBXBuildFile; productRef = FAE87DFF2B459CE300AAE392 /* NavigationModule */; };
		FAE87E022B459CE600AAE392 /* PlainListViewController in Frameworks */ = {isa = PBXBuildFile; productRef = FAE87E012B459CE600AAE392 /* PlainListViewController */; };
		FAF3C7D12B0DCD2F0029AB14 /* AppDelegate.swift in Sources */ = {isa = PBXBuildFile; fileRef = FAF3C7D02B0DCD2F0029AB14 /* AppDelegate.swift */; };
		FAF3C7D52B0DCD2F0029AB14 /* ViewController.swift in Sources */ = {isa = PBXBuildFile; fileRef = FAF3C7D42B0DCD2F0029AB14 /* ViewController.swift */; };
		FAF3C7D82B0DCD2F0029AB14 /* Main.storyboard in Resources */ = {isa = PBXBuildFile; fileRef = FAF3C7D62B0DCD2F0029AB14 /* Main.storyboard */; };
		FAF3C7DA2B0DCD300029AB14 /* Assets.xcassets in Resources */ = {isa = PBXBuildFile; fileRef = FAF3C7D92B0DCD300029AB14 /* Assets.xcassets */; };
		FAF3C7DD2B0DCD300029AB14 /* LaunchScreen.storyboard in Resources */ = {isa = PBXBuildFile; fileRef = FAF3C7DB2B0DCD300029AB14 /* LaunchScreen.storyboard */; };
		FAF3C7F12B0DCF290029AB14 /* UserListCell.swift in Sources */ = {isa = PBXBuildFile; fileRef = FAF3C7ED2B0DCF290029AB14 /* UserListCell.swift */; };
		FAF3C7F22B0DCF290029AB14 /* UserListViewController.swift in Sources */ = {isa = PBXBuildFile; fileRef = FAF3C7EE2B0DCF290029AB14 /* UserListViewController.swift */; };
		FAF3C7F32B0DCF290029AB14 /* User.swift in Sources */ = {isa = PBXBuildFile; fileRef = FAF3C7EF2B0DCF290029AB14 /* User.swift */; };
		FAF3C7F42B0DCF290029AB14 /* UserListCell.xib in Resources */ = {isa = PBXBuildFile; fileRef = FAF3C7F02B0DCF290029AB14 /* UserListCell.xib */; };
/* End PBXBuildFile section */

/* Begin PBXFileReference section */
		2E809A08A233C71228BE9D0D /* libPods-Example.a */ = {isa = PBXFileReference; explicitFileType = archive.ar; includeInIndex = 0; path = "libPods-Example.a"; sourceTree = BUILT_PRODUCTS_DIR; };
		343EFF8F52A4264D7346E00A /* Pods-Example.release.xcconfig */ = {isa = PBXFileReference; includeInIndex = 1; lastKnownFileType = text.xcconfig; name = "Pods-Example.release.xcconfig"; path = "Target Support Files/Pods-Example/Pods-Example.release.xcconfig"; sourceTree = "<group>"; };
		67A66D2A89F8B52EB6C97ADF /* Pods-Example.debug.xcconfig */ = {isa = PBXFileReference; includeInIndex = 1; lastKnownFileType = text.xcconfig; name = "Pods-Example.debug.xcconfig"; path = "Target Support Files/Pods-Example/Pods-Example.debug.xcconfig"; sourceTree = "<group>"; };
		FA9263252B2AA58200C96EE9 /* InterestListCell.swift */ = {isa = PBXFileReference; lastKnownFileType = sourcecode.swift; path = InterestListCell.swift; sourceTree = "<group>"; };
		FA9263272B2AA59100C96EE9 /* InterestListViewController.swift */ = {isa = PBXFileReference; lastKnownFileType = sourcecode.swift; path = InterestListViewController.swift; sourceTree = "<group>"; };
		FA9263292B2AA61D00C96EE9 /* Interest.swift */ = {isa = PBXFileReference; lastKnownFileType = sourcecode.swift; path = Interest.swift; sourceTree = "<group>"; };
		FAE87DFD2B459CD500AAE392 /* NavigationModule */ = {isa = PBXFileReference; lastKnownFileType = wrapper; name = NavigationModule; path = ../NavigationModule; sourceTree = "<group>"; };
		FAE87DFE2B459CDB00AAE392 /* PlainListViewController */ = {isa = PBXFileReference; lastKnownFileType = wrapper; name = PlainListViewController; path = ../PlainListViewController; sourceTree = "<group>"; };
		FAF3C7CD2B0DCD2F0029AB14 /* Example.app */ = {isa = PBXFileReference; explicitFileType = wrapper.application; includeInIndex = 0; path = Example.app; sourceTree = BUILT_PRODUCTS_DIR; };
		FAF3C7D02B0DCD2F0029AB14 /* AppDelegate.swift */ = {isa = PBXFileReference; lastKnownFileType = sourcecode.swift; path = AppDelegate.swift; sourceTree = "<group>"; };
		FAF3C7D42B0DCD2F0029AB14 /* ViewController.swift */ = {isa = PBXFileReference; lastKnownFileType = sourcecode.swift; path = ViewController.swift; sourceTree = "<group>"; };
		FAF3C7D72B0DCD2F0029AB14 /* Base */ = {isa = PBXFileReference; lastKnownFileType = file.storyboard; name = Base; path = Base.lproj/Main.storyboard; sourceTree = "<group>"; };
		FAF3C7D92B0DCD300029AB14 /* Assets.xcassets */ = {isa = PBXFileReference; lastKnownFileType = folder.assetcatalog; path = Assets.xcassets; sourceTree = "<group>"; };
		FAF3C7DC2B0DCD300029AB14 /* Base */ = {isa = PBXFileReference; lastKnownFileType = file.storyboard; name = Base; path = Base.lproj/LaunchScreen.storyboard; sourceTree = "<group>"; };
		FAF3C7DE2B0DCD300029AB14 /* Info.plist */ = {isa = PBXFileReference; lastKnownFileType = text.plist.xml; path = Info.plist; sourceTree = "<group>"; };
		FAF3C7ED2B0DCF290029AB14 /* UserListCell.swift */ = {isa = PBXFileReference; fileEncoding = 4; lastKnownFileType = sourcecode.swift; path = UserListCell.swift; sourceTree = "<group>"; };
		FAF3C7EE2B0DCF290029AB14 /* UserListViewController.swift */ = {isa = PBXFileReference; fileEncoding = 4; lastKnownFileType = sourcecode.swift; path = UserListViewController.swift; sourceTree = "<group>"; };
		FAF3C7EF2B0DCF290029AB14 /* User.swift */ = {isa = PBXFileReference; fileEncoding = 4; lastKnownFileType = sourcecode.swift; path = User.swift; sourceTree = "<group>"; };
		FAF3C7F02B0DCF290029AB14 /* UserListCell.xib */ = {isa = PBXFileReference; fileEncoding = 4; lastKnownFileType = file.xib; path = UserListCell.xib; sourceTree = "<group>"; };
/* End PBXFileReference section */

/* Begin PBXFrameworksBuildPhase section */
		FAF3C7CA2B0DCD2F0029AB14 /* Frameworks */ = {
			isa = PBXFrameworksBuildPhase;
			buildActionMask = 2147483647;
			files = (
				FAE87E002B459CE300AAE392 /* NavigationModule in Frameworks */,
				255894BCD66AB90BC0292AF6 /* libPods-Example.a in Frameworks */,
				FAE87E022B459CE600AAE392 /* PlainListViewController in Frameworks */,
			);
			runOnlyForDeploymentPostprocessing = 0;
		};
/* End PBXFrameworksBuildPhase section */

/* Begin PBXGroup section */
		5312B4A99FE0CB0067151A63 /* Pods */ = {
			isa = PBXGroup;
			children = (
				67A66D2A89F8B52EB6C97ADF /* Pods-Example.debug.xcconfig */,
				343EFF8F52A4264D7346E00A /* Pods-Example.release.xcconfig */,
			);
			path = Pods;
			sourceTree = "<group>";
		};
		FAF3C7C42B0DCD2F0029AB14 = {
			isa = PBXGroup;
			children = (
				FAE87DFE2B459CDB00AAE392 /* PlainListViewController */,
				FAE87DFD2B459CD500AAE392 /* NavigationModule */,
				FAF3C7CF2B0DCD2F0029AB14 /* Example */,
				FAF3C7CE2B0DCD2F0029AB14 /* Products */,
				FAF3C7FA2B0E02CB0029AB14 /* Frameworks */,
				5312B4A99FE0CB0067151A63 /* Pods */,
			);
			sourceTree = "<group>";
		};
		FAF3C7CE2B0DCD2F0029AB14 /* Products */ = {
			isa = PBXGroup;
			children = (
				FAF3C7CD2B0DCD2F0029AB14 /* Example.app */,
			);
			name = Products;
			sourceTree = "<group>";
		};
		FAF3C7CF2B0DCD2F0029AB14 /* Example */ = {
			isa = PBXGroup;
			children = (
				FAF3C7D02B0DCD2F0029AB14 /* AppDelegate.swift */,
				FAF3C7D42B0DCD2F0029AB14 /* ViewController.swift */,
				FAF3C7EC2B0DCF290029AB14 /* UserList */,
				FAF3C7D62B0DCD2F0029AB14 /* Main.storyboard */,
				FAF3C7D92B0DCD300029AB14 /* Assets.xcassets */,
				FAF3C7DB2B0DCD300029AB14 /* LaunchScreen.storyboard */,
				FAF3C7DE2B0DCD300029AB14 /* Info.plist */,
			);
			path = Example;
			sourceTree = "<group>";
		};
		FAF3C7EC2B0DCF290029AB14 /* UserList */ = {
			isa = PBXGroup;
			children = (
				FAF3C7EF2B0DCF290029AB14 /* User.swift */,
				FAF3C7ED2B0DCF290029AB14 /* UserListCell.swift */,
				FAF3C7F02B0DCF290029AB14 /* UserListCell.xib */,
				FAF3C7EE2B0DCF290029AB14 /* UserListViewController.swift */,
				FA9263292B2AA61D00C96EE9 /* Interest.swift */,
				FA9263252B2AA58200C96EE9 /* InterestListCell.swift */,
				FA9263272B2AA59100C96EE9 /* InterestListViewController.swift */,
			);
			path = UserList;
			sourceTree = "<group>";
		};
		FAF3C7FA2B0E02CB0029AB14 /* Frameworks */ = {
			isa = PBXGroup;
			children = (
				2E809A08A233C71228BE9D0D /* libPods-Example.a */,
			);
			name = Frameworks;
			sourceTree = "<group>";
		};
/* End PBXGroup section */

/* Begin PBXNativeTarget section */
		FAF3C7CC2B0DCD2F0029AB14 /* Example */ = {
			isa = PBXNativeTarget;
			buildConfigurationList = FAF3C7E12B0DCD300029AB14 /* Build configuration list for PBXNativeTarget "Example" */;
			buildPhases = (
				05A63C3FE6521B0028F81917 /* [CP] Check Pods Manifest.lock */,
				FAF3C7C92B0DCD2F0029AB14 /* Sources */,
				FAF3C7CA2B0DCD2F0029AB14 /* Frameworks */,
				FAF3C7CB2B0DCD2F0029AB14 /* Resources */,
			);
			buildRules = (
			);
			dependencies = (
			);
			name = Example;
			packageProductDependencies = (
				FAE87DFF2B459CE300AAE392 /* NavigationModule */,
				FAE87E012B459CE600AAE392 /* PlainListViewController */,
			);
			productName = Example;
			productReference = FAF3C7CD2B0DCD2F0029AB14 /* Example.app */;
			productType = "com.apple.product-type.application";
		};
/* End PBXNativeTarget section */

/* Begin PBXProject section */
		FAF3C7C52B0DCD2F0029AB14 /* Project object */ = {
			isa = PBXProject;
			attributes = {
				BuildIndependentTargetsInParallel = 1;
				LastSwiftUpdateCheck = 1500;
				LastUpgradeCheck = 1500;
				TargetAttributes = {
					FAF3C7CC2B0DCD2F0029AB14 = {
						CreatedOnToolsVersion = 15.0.1;
					};
				};
			};
			buildConfigurationList = FAF3C7C82B0DCD2F0029AB14 /* Build configuration list for PBXProject "Example" */;
			compatibilityVersion = "Xcode 14.0";
			developmentRegion = en;
			hasScannedForEncodings = 0;
			knownRegions = (
				en,
				Base,
			);
			mainGroup = FAF3C7C42B0DCD2F0029AB14;
			productRefGroup = FAF3C7CE2B0DCD2F0029AB14 /* Products */;
			projectDirPath = "";
			projectRoot = "";
			targets = (
				FAF3C7CC2B0DCD2F0029AB14 /* Example */,
			);
		};
/* End PBXProject section */

/* Begin PBXResourcesBuildPhase section */
		FAF3C7CB2B0DCD2F0029AB14 /* Resources */ = {
			isa = PBXResourcesBuildPhase;
			buildActionMask = 2147483647;
			files = (
				FAF3C7DD2B0DCD300029AB14 /* LaunchScreen.storyboard in Resources */,
				FAF3C7F42B0DCF290029AB14 /* UserListCell.xib in Resources */,
				FAF3C7DA2B0DCD300029AB14 /* Assets.xcassets in Resources */,
				FAF3C7D82B0DCD2F0029AB14 /* Main.storyboard in Resources */,
			);
			runOnlyForDeploymentPostprocessing = 0;
		};
/* End PBXResourcesBuildPhase section */

/* Begin PBXShellScriptBuildPhase section */
		05A63C3FE6521B0028F81917 /* [CP] Check Pods Manifest.lock */ = {
			isa = PBXShellScriptBuildPhase;
			buildActionMask = 2147483647;
			files = (
			);
			inputFileListPaths = (
			);
			inputPaths = (
				"${PODS_PODFILE_DIR_PATH}/Podfile.lock",
				"${PODS_ROOT}/Manifest.lock",
			);
			name = "[CP] Check Pods Manifest.lock";
			outputFileListPaths = (
			);
			outputPaths = (
				"$(DERIVED_FILE_DIR)/Pods-Example-checkManifestLockResult.txt",
			);
			runOnlyForDeploymentPostprocessing = 0;
			shellPath = /bin/sh;
			shellScript = "diff \"${PODS_PODFILE_DIR_PATH}/Podfile.lock\" \"${PODS_ROOT}/Manifest.lock\" > /dev/null\nif [ $? != 0 ] ; then\n    # print error to STDERR\n    echo \"error: The sandbox is not in sync with the Podfile.lock. Run 'pod install' or update your CocoaPods installation.\" >&2\n    exit 1\nfi\n# This output is used by Xcode 'outputs' to avoid re-running this script phase.\necho \"SUCCESS\" > \"${SCRIPT_OUTPUT_FILE_0}\"\n";
			showEnvVarsInLog = 0;
		};
/* End PBXShellScriptBuildPhase section */

/* Begin PBXSourcesBuildPhase section */
		FAF3C7C92B0DCD2F0029AB14 /* Sources */ = {
			isa = PBXSourcesBuildPhase;
			buildActionMask = 2147483647;
			files = (
				FAF3C7D52B0DCD2F0029AB14 /* ViewController.swift in Sources */,
				FAF3C7F12B0DCF290029AB14 /* UserListCell.swift in Sources */,
				FAF3C7D12B0DCD2F0029AB14 /* AppDelegate.swift in Sources */,
				FA9263262B2AA58200C96EE9 /* InterestListCell.swift in Sources */,
				FA9263282B2AA59100C96EE9 /* InterestListViewController.swift in Sources */,
				FAF3C7F32B0DCF290029AB14 /* User.swift in Sources */,
				FAF3C7F22B0DCF290029AB14 /* UserListViewController.swift in Sources */,
				FA92632A2B2AA61D00C96EE9 /* Interest.swift in Sources */,
			);
			runOnlyForDeploymentPostprocessing = 0;
		};
/* End PBXSourcesBuildPhase section */

/* Begin PBXVariantGroup section */
		FAF3C7D62B0DCD2F0029AB14 /* Main.storyboard */ = {
			isa = PBXVariantGroup;
			children = (
				FAF3C7D72B0DCD2F0029AB14 /* Base */,
			);
			name = Main.storyboard;
			sourceTree = "<group>";
		};
		FAF3C7DB2B0DCD300029AB14 /* LaunchScreen.storyboard */ = {
			isa = PBXVariantGroup;
			children = (
				FAF3C7DC2B0DCD300029AB14 /* Base */,
			);
			name = LaunchScreen.storyboard;
			sourceTree = "<group>";
		};
/* End PBXVariantGroup section */

/* Begin XCBuildConfiguration section */
		FAF3C7DF2B0DCD300029AB14 /* Debug */ = {
			isa = XCBuildConfiguration;
			buildSettings = {
				ALWAYS_SEARCH_USER_PATHS = NO;
				ASSETCATALOG_COMPILER_GENERATE_SWIFT_ASSET_SYMBOL_EXTENSIONS = YES;
				CLANG_ANALYZER_NONNULL = YES;
				CLANG_ANALYZER_NUMBER_OBJECT_CONVERSION = YES_AGGRESSIVE;
				CLANG_CXX_LANGUAGE_STANDARD = "gnu++20";
				CLANG_ENABLE_MODULES = YES;
				CLANG_ENABLE_OBJC_ARC = YES;
				CLANG_ENABLE_OBJC_WEAK = YES;
				CLANG_WARN_BLOCK_CAPTURE_AUTORELEASING = YES;
				CLANG_WARN_BOOL_CONVERSION = YES;
				CLANG_WARN_COMMA = YES;
				CLANG_WARN_CONSTANT_CONVERSION = YES;
				CLANG_WARN_DEPRECATED_OBJC_IMPLEMENTATIONS = YES;
				CLANG_WARN_DIRECT_OBJC_ISA_USAGE = YES_ERROR;
				CLANG_WARN_DOCUMENTATION_COMMENTS = YES;
				CLANG_WARN_EMPTY_BODY = YES;
				CLANG_WARN_ENUM_CONVERSION = YES;
				CLANG_WARN_INFINITE_RECURSION = YES;
				CLANG_WARN_INT_CONVERSION = YES;
				CLANG_WARN_NON_LITERAL_NULL_CONVERSION = YES;
				CLANG_WARN_OBJC_IMPLICIT_RETAIN_SELF = YES;
				CLANG_WARN_OBJC_LITERAL_CONVERSION = YES;
				CLANG_WARN_OBJC_ROOT_CLASS = YES_ERROR;
				CLANG_WARN_QUOTED_INCLUDE_IN_FRAMEWORK_HEADER = YES;
				CLANG_WARN_RANGE_LOOP_ANALYSIS = YES;
				CLANG_WARN_STRICT_PROTOTYPES = YES;
				CLANG_WARN_SUSPICIOUS_MOVE = YES;
				CLANG_WARN_UNGUARDED_AVAILABILITY = YES_AGGRESSIVE;
				CLANG_WARN_UNREACHABLE_CODE = YES;
				CLANG_WARN__DUPLICATE_METHOD_MATCH = YES;
				COPY_PHASE_STRIP = NO;
				DEBUG_INFORMATION_FORMAT = dwarf;
				ENABLE_STRICT_OBJC_MSGSEND = YES;
				ENABLE_TESTABILITY = YES;
				ENABLE_USER_SCRIPT_SANDBOXING = YES;
				GCC_C_LANGUAGE_STANDARD = gnu17;
				GCC_DYNAMIC_NO_PIC = NO;
				GCC_NO_COMMON_BLOCKS = YES;
				GCC_OPTIMIZATION_LEVEL = 0;
				GCC_PREPROCESSOR_DEFINITIONS = (
					"DEBUG=1",
					"$(inherited)",
				);
				GCC_WARN_64_TO_32_BIT_CONVERSION = YES;
				GCC_WARN_ABOUT_RETURN_TYPE = YES_ERROR;
				GCC_WARN_UNDECLARED_SELECTOR = YES;
				GCC_WARN_UNINITIALIZED_AUTOS = YES_AGGRESSIVE;
				GCC_WARN_UNUSED_FUNCTION = YES;
				GCC_WARN_UNUSED_VARIABLE = YES;
				IPHONEOS_DEPLOYMENT_TARGET = 14.0;
				LOCALIZATION_PREFERS_STRING_CATALOGS = YES;
				MTL_ENABLE_DEBUG_INFO = INCLUDE_SOURCE;
				MTL_FAST_MATH = YES;
				ONLY_ACTIVE_ARCH = YES;
				SDKROOT = iphoneos;
				SWIFT_ACTIVE_COMPILATION_CONDITIONS = "DEBUG $(inherited)";
				SWIFT_OPTIMIZATION_LEVEL = "-Onone";
			};
			name = Debug;
		};
		FAF3C7E02B0DCD300029AB14 /* Release */ = {
			isa = XCBuildConfiguration;
			buildSettings = {
				ALWAYS_SEARCH_USER_PATHS = NO;
				ASSETCATALOG_COMPILER_GENERATE_SWIFT_ASSET_SYMBOL_EXTENSIONS = YES;
				CLANG_ANALYZER_NONNULL = YES;
				CLANG_ANALYZER_NUMBER_OBJECT_CONVERSION = YES_AGGRESSIVE;
				CLANG_CXX_LANGUAGE_STANDARD = "gnu++20";
				CLANG_ENABLE_MODULES = YES;
				CLANG_ENABLE_OBJC_ARC = YES;
				CLANG_ENABLE_OBJC_WEAK = YES;
				CLANG_WARN_BLOCK_CAPTURE_AUTORELEASING = YES;
				CLANG_WARN_BOOL_CONVERSION = YES;
				CLANG_WARN_COMMA = YES;
				CLANG_WARN_CONSTANT_CONVERSION = YES;
				CLANG_WARN_DEPRECATED_OBJC_IMPLEMENTATIONS = YES;
				CLANG_WARN_DIRECT_OBJC_ISA_USAGE = YES_ERROR;
				CLANG_WARN_DOCUMENTATION_COMMENTS = YES;
				CLANG_WARN_EMPTY_BODY = YES;
				CLANG_WARN_ENUM_CONVERSION = YES;
				CLANG_WARN_INFINITE_RECURSION = YES;
				CLANG_WARN_INT_CONVERSION = YES;
				CLANG_WARN_NON_LITERAL_NULL_CONVERSION = YES;
				CLANG_WARN_OBJC_IMPLICIT_RETAIN_SELF = YES;
				CLANG_WARN_OBJC_LITERAL_CONVERSION = YES;
				CLANG_WARN_OBJC_ROOT_CLASS = YES_ERROR;
				CLANG_WARN_QUOTED_INCLUDE_IN_FRAMEWORK_HEADER = YES;
				CLANG_WARN_RANGE_LOOP_ANALYSIS = YES;
				CLANG_WARN_STRICT_PROTOTYPES = YES;
				CLANG_WARN_SUSPICIOUS_MOVE = YES;
				CLANG_WARN_UNGUARDED_AVAILABILITY = YES_AGGRESSIVE;
				CLANG_WARN_UNREACHABLE_CODE = YES;
				CLANG_WARN__DUPLICATE_METHOD_MATCH = YES;
				COPY_PHASE_STRIP = NO;
				DEBUG_INFORMATION_FORMAT = "dwarf-with-dsym";
				ENABLE_NS_ASSERTIONS = NO;
				ENABLE_STRICT_OBJC_MSGSEND = YES;
				ENABLE_USER_SCRIPT_SANDBOXING = YES;
				GCC_C_LANGUAGE_STANDARD = gnu17;
				GCC_NO_COMMON_BLOCKS = YES;
				GCC_WARN_64_TO_32_BIT_CONVERSION = YES;
				GCC_WARN_ABOUT_RETURN_TYPE = YES_ERROR;
				GCC_WARN_UNDECLARED_SELECTOR = YES;
				GCC_WARN_UNINITIALIZED_AUTOS = YES_AGGRESSIVE;
				GCC_WARN_UNUSED_FUNCTION = YES;
				GCC_WARN_UNUSED_VARIABLE = YES;
				IPHONEOS_DEPLOYMENT_TARGET = 14.0;
				LOCALIZATION_PREFERS_STRING_CATALOGS = YES;
				MTL_ENABLE_DEBUG_INFO = NO;
				MTL_FAST_MATH = YES;
				SDKROOT = iphoneos;
				SWIFT_COMPILATION_MODE = wholemodule;
				VALIDATE_PRODUCT = YES;
			};
			name = Release;
		};
		FAF3C7E22B0DCD300029AB14 /* Debug */ = {
			isa = XCBuildConfiguration;
			baseConfigurationReference = 67A66D2A89F8B52EB6C97ADF /* Pods-Example.debug.xcconfig */;
			buildSettings = {
				ASSETCATALOG_COMPILER_APPICON_NAME = AppIcon;
				ASSETCATALOG_COMPILER_GLOBAL_ACCENT_COLOR_NAME = AccentColor;
				CODE_SIGN_STYLE = Automatic;
				CURRENT_PROJECT_VERSION = 1;
				DEVELOPMENT_TEAM = DDPY9JD4B3;
				ENABLE_USER_SCRIPT_SANDBOXING = NO;
				GENERATE_INFOPLIST_FILE = YES;
				INFOPLIST_FILE = Example/Info.plist;
				INFOPLIST_KEY_UIApplicationSupportsIndirectInputEvents = YES;
				INFOPLIST_KEY_UILaunchStoryboardName = LaunchScreen;
				INFOPLIST_KEY_UIMainStoryboardFile = Main;
				INFOPLIST_KEY_UISupportedInterfaceOrientations_iPad = "UIInterfaceOrientationPortrait UIInterfaceOrientationPortraitUpsideDown UIInterfaceOrientationLandscapeLeft UIInterfaceOrientationLandscapeRight";
				INFOPLIST_KEY_UISupportedInterfaceOrientations_iPhone = "UIInterfaceOrientationPortrait UIInterfaceOrientationLandscapeLeft UIInterfaceOrientationLandscapeRight";
				LD_RUNPATH_SEARCH_PATHS = (
					"$(inherited)",
					"@executable_path/Frameworks",
				);
				MARKETING_VERSION = 1.0;
				PRODUCT_BUNDLE_IDENTIFIER = liwenxiu.Example;
				PRODUCT_NAME = "$(TARGET_NAME)";
				SWIFT_EMIT_LOC_STRINGS = YES;
				SWIFT_VERSION = 5.0;
				TARGETED_DEVICE_FAMILY = "1,2";
			};
			name = Debug;
		};
		FAF3C7E32B0DCD300029AB14 /* Release */ = {
			isa = XCBuildConfiguration;
			baseConfigurationReference = 343EFF8F52A4264D7346E00A /* Pods-Example.release.xcconfig */;
			buildSettings = {
				ASSETCATALOG_COMPILER_APPICON_NAME = AppIcon;
				ASSETCATALOG_COMPILER_GLOBAL_ACCENT_COLOR_NAME = AccentColor;
				CODE_SIGN_STYLE = Automatic;
				CURRENT_PROJECT_VERSION = 1;
				DEVELOPMENT_TEAM = DDPY9JD4B3;
				ENABLE_USER_SCRIPT_SANDBOXING = NO;
				GENERATE_INFOPLIST_FILE = YES;
				INFOPLIST_FILE = Example/Info.plist;
				INFOPLIST_KEY_UIApplicationSupportsIndirectInputEvents = YES;
				INFOPLIST_KEY_UILaunchStoryboardName = LaunchScreen;
				INFOPLIST_KEY_UIMainStoryboardFile = Main;
				INFOPLIST_KEY_UISupportedInterfaceOrientations_iPad = "UIInterfaceOrientationPortrait UIInterfaceOrientationPortraitUpsideDown UIInterfaceOrientationLandscapeLeft UIInterfaceOrientationLandscapeRight";
				INFOPLIST_KEY_UISupportedInterfaceOrientations_iPhone = "UIInterfaceOrientationPortrait UIInterfaceOrientationLandscapeLeft UIInterfaceOrientationLandscapeRight";
				LD_RUNPATH_SEARCH_PATHS = (
					"$(inherited)",
					"@executable_path/Frameworks",
				);
				MARKETING_VERSION = 1.0;
				PRODUCT_BUNDLE_IDENTIFIER = liwenxiu.Example;
				PRODUCT_NAME = "$(TARGET_NAME)";
				SWIFT_EMIT_LOC_STRINGS = YES;
				SWIFT_VERSION = 5.0;
				TARGETED_DEVICE_FAMILY = "1,2";
			};
			name = Release;
		};
/* End XCBuildConfiguration section */

/* Begin XCConfigurationList section */
		FAF3C7C82B0DCD2F0029AB14 /* Build configuration list for PBXProject "Example" */ = {
			isa = XCConfigurationList;
			buildConfigurations = (
				FAF3C7DF2B0DCD300029AB14 /* Debug */,
				FAF3C7E02B0DCD300029AB14 /* Release */,
			);
			defaultConfigurationIsVisible = 0;
			defaultConfigurationName = Release;
		};
		FAF3C7E12B0DCD300029AB14 /* Build configuration list for PBXNativeTarget "Example" */ = {
			isa = XCConfigurationList;
			buildConfigurations = (
				FAF3C7E22B0DCD300029AB14 /* Debug */,
				FAF3C7E32B0DCD300029AB14 /* Release */,
			);
			defaultConfigurationIsVisible = 0;
			defaultConfigurationName = Release;
		};
/* End XCConfigurationList section */

/* Begin XCSwiftPackageProductDependency section */
		FAE87DFF2B459CE300AAE392 /* NavigationModule */ = {
			isa = XCSwiftPackageProductDependency;
			productName = NavigationModule;
		};
		FAE87E012B459CE600AAE392 /* PlainListViewController */ = {
			isa = XCSwiftPackageProductDependency;
			productName = PlainListViewController;
		};
/* End XCSwiftPackageProductDependency section */
	};
	rootObject = FAF3C7C52B0DCD2F0029AB14 /* Project object */;
}
